
Microsoft Visual Studio Solution File, Format Version 12.00
Project("{2150E333-8FDC-42A3-9474-1A3956D46DE8}") = "src", "src", "{E75ED6B1-8AEA-47D9-8DEB-6CBBDBAF5A99}"
EndProject
Project("{2150E333-8FDC-42A3-9474-1A3956D46DE8}") = "test", "test", "{6F2AEA65-E1C3-42DF-B70F-47557541B89B}"
EndProject
Project("{FAE04EC0-301F-11D3-BF4B-00C04F79EFBC}") = "test4.Api", "src\test4.Api\test4.Api.csproj", "{D6E77D5C-BD41-41AA-B6DD-90EEF9506A4B}"
EndProject
Project("{FAE04EC0-301F-11D3-BF4B-00C04F79EFBC}") = "test4.Application", "src\test4.Application\test4.Application.csproj", "{52AEA45C-BFDD-4466-95DD-2336FDC91484}"
EndProject
Project("{FAE04EC0-301F-11D3-BF4B-00C04F79EFBC}") = "test4.Domain", "src\test4.Domain\test4.Domain.csproj", "{9B5FA77A-A73A-4285-B3C6-D3960350A889}"
EndProject
Project("{FAE04EC0-301F-11D3-BF4B-00C04F79EFBC}") = "test4.Infrastructure", "src\test4.Infrastructure\test4.Infrastructure.csproj", "{B1991BE6-9984-4307-B783-5D89DCB853A4}"
EndProject
Project("{FAE04EC0-301F-11D3-BF4B-00C04F79EFBC}") = "Domain.UnitTests", "test\Domain.UnitTests\Domain.UnitTests.csproj", "{D4AEEEA1-B69A-4E95-9406-DDA461A0C4C7}"
EndProject
Project("{FAE04EC0-301F-11D3-BF4B-00C04F79EFBC}") = "ArchitectureTests", "test\ArchitectureTests\ArchitectureTests.csproj", "{3B022A64-E486-482F-A129-15A98D931C5C}"
EndProject
Global
	GlobalSection(SolutionConfigurationPlatforms) = preSolution
		Debug|Any CPU = Debug|Any CPU
		Release|Any CPU = Release|Any CPU
	EndGlobalSection
	GlobalSection(ProjectConfigurationPlatforms) = postSolution
		{D6E77D5C-BD41-41AA-B6DD-90EEF9506A4B}.Debug|Any CPU.ActiveCfg = Debug|Any CPU
		{D6E77D5C-BD41-41AA-B6DD-90EEF9506A4B}.Debug|Any CPU.Build.0 = Debug|Any CPU
		{D6E77D5C-BD41-41AA-B6DD-90EEF9506A4B}.Release|Any CPU.ActiveCfg = Release|Any CPU
		{D6E77D5C-BD41-41AA-B6DD-90EEF9506A4B}.Release|Any CPU.Build.0 = Release|Any CPU
		{52AEA45C-BFDD-4466-95DD-2336FDC91484}.Debug|Any CPU.ActiveCfg = Debug|Any CPU
		{52AEA45C-BFDD-4466-95DD-2336FDC91484}.Debug|Any CPU.Build.0 = Debug|Any CPU
		{52AEA45C-BFDD-4466-95DD-2336FDC91484}.Release|Any CPU.ActiveCfg = Release|Any CPU
		{52AEA45C-BFDD-4466-95DD-2336FDC91484}.Release|Any CPU.Build.0 = Release|Any CPU
		{9B5FA77A-A73A-4285-B3C6-D3960350A889}.Debug|Any CPU.ActiveCfg = Debug|Any CPU
		{9B5FA77A-A73A-4285-B3C6-D3960350A889}.Debug|Any CPU.Build.0 = Debug|Any CPU
		{9B5FA77A-A73A-4285-B3C6-D3960350A889}.Release|Any CPU.ActiveCfg = Release|Any CPU
		{9B5FA77A-A73A-4285-B3C6-D3960350A889}.Release|Any CPU.Build.0 = Release|Any CPU
		{B1991BE6-9984-4307-B783-5D89DCB853A4}.Debug|Any CPU.ActiveCfg = Debug|Any CPU
		{B1991BE6-9984-4307-B783-5D89DCB853A4}.Debug|Any CPU.Build.0 = Debug|Any CPU
		{B1991BE6-9984-4307-B783-5D89DCB853A4}.Release|Any CPU.ActiveCfg = Release|Any CPU
		{B1991BE6-9984-4307-B783-5D89DCB853A4}.Release|Any CPU.Build.0 = Release|Any CPU
		{D4AEEEA1-B69A-4E95-9406-DDA461A0C4C7}.Debug|Any CPU.ActiveCfg = Debug|Any CPU
		{D4AEEEA1-B69A-4E95-9406-DDA461A0C4C7}.Debug|Any CPU.Build.0 = Debug|Any CPU
		{D4AEEEA1-B69A-4E95-9406-DDA461A0C4C7}.Release|Any CPU.ActiveCfg = Release|Any CPU
		{D4AEEEA1-B69A-4E95-9406-DDA461A0C4C7}.Release|Any CPU.Build.0 = Release|Any CPU
		{3B022A64-E486-482F-A129-15A98D931C5C}.Debug|Any CPU.ActiveCfg = Debug|Any CPU
		{3B022A64-E486-482F-A129-15A98D931C5C}.Debug|Any CPU.Build.0 = Debug|Any CPU
		{3B022A64-E486-482F-A129-15A98D931C5C}.Release|Any CPU.ActiveCfg = Release|Any CPU
		{3B022A64-E486-482F-A129-15A98D931C5C}.Release|Any CPU.Build.0 = Release|Any CPU
	EndGlobalSection
	GlobalSection(NestedProjects) = preSolution
		{D6E77D5C-BD41-41AA-B6DD-90EEF9506A4B} = {E75ED6B1-8AEA-47D9-8DEB-6CBBDBAF5A99}
		{52AEA45C-BFDD-4466-95DD-2336FDC91484} = {E75ED6B1-8AEA-47D9-8DEB-6CBBDBAF5A99}
		{9B5FA77A-A73A-4285-B3C6-D3960350A889} = {E75ED6B1-8AEA-47D9-8DEB-6CBBDBAF5A99}
		{B1991BE6-9984-4307-B783-5D89DCB853A4} = {E75ED6B1-8AEA-47D9-8DEB-6CBBDBAF5A99}
		{D4AEEEA1-B69A-4E95-9406-DDA461A0C4C7} = {6F2AEA65-E1C3-42DF-B70F-47557541B89B}
		{3B022A64-E486-482F-A129-15A98D931C5C} = {6F2AEA65-E1C3-42DF-B70F-47557541B89B}
	EndGlobalSection
EndGlobal
